
Microsoft Visual Studio Solution File, Format Version 12.00
# Visual Studio 15
VisualStudioVersion = 15.0.27703.2042
MinimumVisualStudioVersion = 10.0.40219.1
Project("{9A19103F-16F7-4668-BE54-9A1E7A4F7556}") = "Chessar.LongPaths", "src\Chessar.LongPaths.csproj", "{87F5BE27-BD87-47D0-B3C9-DB92D3659027}"
EndProject
Project("{2150E333-8FDC-42A3-9474-1A3956D46DE8}") = "Solution Items", "Solution Items", "{B3213B1C-7EBD-4E53-92E8-6239AEE02D0A}"
	ProjectSection(SolutionItems) = preProject
		Chessar.ruleset = Chessar.ruleset
		Chessar.snk = Chessar.snk
		icon.png = icon.png
		LICENSE.md = LICENSE.md
		README.md = README.md
	EndProjectSection
EndProject
Project("{FAE04EC0-301F-11D3-BF4B-00C04F79EFBC}") = "UnitTests", "UnitTests\UnitTests.csproj", "{57A97E2C-46F8-404E-8985-DC758775A52E}"
EndProject
Project("{2150E333-8FDC-42A3-9474-1A3956D46DE8}") = "Examples", "Examples", "{5DED8002-CDB2-4395-921F-2CCFB36ECBC8}"
EndProject
Project("{E24C65DC-7377-472B-9ABA-BC803B73C61A}") = "AspNetForms", "Examples\AspNetForms\", "{278BE181-D21F-4B09-9DFA-15114069A92E}"
	ProjectSection(WebsiteProperties) = preProject
		TargetFrameworkMoniker = ".NETFramework,Version%3Dv4.6.2"
		ProjectReferences = "{87f5be27-bd87-47d0-b3c9-db92d3659027}|Chessar.LongPaths.dll;"
		Debug.AspNetCompiler.VirtualPath = "/localhost_30879"
		Debug.AspNetCompiler.PhysicalPath = "Examples\AspNetForms\"
		Debug.AspNetCompiler.TargetPath = "PrecompiledWeb\localhost_30879\"
		Debug.AspNetCompiler.Updateable = "true"
		Debug.AspNetCompiler.ForceOverwrite = "true"
		Debug.AspNetCompiler.KeyFile = "Chessar.snk"
		Debug.AspNetCompiler.DelaySign = "false"
		Debug.AspNetCompiler.AllowPartiallyTrustedCallers = "false"
		Debug.AspNetCompiler.FixedNames = "true"
		Debug.AspNetCompiler.Debug = "True"
		Release.AspNetCompiler.VirtualPath = "/localhost_30879"
		Release.AspNetCompiler.PhysicalPath = "Examples\AspNetForms\"
		Release.AspNetCompiler.TargetPath = "PrecompiledWeb\localhost_30879\"
		Release.AspNetCompiler.Updateable = "true"
		Release.AspNetCompiler.ForceOverwrite = "true"
		Release.AspNetCompiler.KeyFile = "Chessar.snk"
		Release.AspNetCompiler.DelaySign = "false"
		Release.AspNetCompiler.AllowPartiallyTrustedCallers = "false"
		Release.AspNetCompiler.FixedNames = "true"
		Release.AspNetCompiler.Debug = "False"
		VWDPort = "30879"
		SlnRelativePath = "Examples\AspNetForms\"
		DefaultWebSiteLanguage = "Visual C#"
		StartServerOnDebug = "true"
	EndProjectSection
EndProject
Project("{FAE04EC0-301F-11D3-BF4B-00C04F79EFBC}") = "ConsoleApp", "Examples\ConsoleApp\ConsoleApp.csproj", "{68C7EA89-38C0-4E42-B69B-E33950A776F9}"
EndProject
Global
	GlobalSection(SolutionConfigurationPlatforms) = preSolution
		Debug|Any CPU = Debug|Any CPU
		Release|Any CPU = Release|Any CPU
		Description = Long Path Support
	EndGlobalSection
	GlobalSection(ProjectConfigurationPlatforms) = postSolution
		{87F5BE27-BD87-47D0-B3C9-DB92D3659027}.Debug|Any CPU.ActiveCfg = Debug|Any CPU
		{87F5BE27-BD87-47D0-B3C9-DB92D3659027}.Debug|Any CPU.Build.0 = Debug|Any CPU
		{87F5BE27-BD87-47D0-B3C9-DB92D3659027}.Release|Any CPU.ActiveCfg = Release|Any CPU
		{87F5BE27-BD87-47D0-B3C9-DB92D3659027}.Release|Any CPU.Build.0 = Release|Any CPU
		{57A97E2C-46F8-404E-8985-DC758775A52E}.Debug|Any CPU.ActiveCfg = Debug|Any CPU
		{57A97E2C-46F8-404E-8985-DC758775A52E}.Debug|Any CPU.Build.0 = Debug|Any CPU
		{57A97E2C-46F8-404E-8985-DC758775A52E}.Release|Any CPU.ActiveCfg = Release|Any CPU
		{57A97E2C-46F8-404E-8985-DC758775A52E}.Release|Any CPU.Build.0 = Release|Any CPU
		{278BE181-D21F-4B09-9DFA-15114069A92E}.Debug|Any CPU.ActiveCfg = Debug|Any CPU
		{278BE181-D21F-4B09-9DFA-15114069A92E}.Debug|Any CPU.Build.0 = Debug|Any CPU
		{278BE181-D21F-4B09-9DFA-15114069A92E}.Release|Any CPU.ActiveCfg = Debug|Any CPU
		{278BE181-D21F-4B09-9DFA-15114069A92E}.Release|Any CPU.Build.0 = Debug|Any CPU
		{68C7EA89-38C0-4E42-B69B-E33950A776F9}.Debug|Any CPU.ActiveCfg = Debug|Any CPU
		{68C7EA89-38C0-4E42-B69B-E33950A776F9}.Debug|Any CPU.Build.0 = Debug|Any CPU
		{68C7EA89-38C0-4E42-B69B-E33950A776F9}.Release|Any CPU.ActiveCfg = Release|Any CPU
		{68C7EA89-38C0-4E42-B69B-E33950A776F9}.Release|Any CPU.Build.0 = Release|Any CPU
	EndGlobalSection
	GlobalSection(SolutionProperties) = preSolution
		HideSolutionNode = FALSE
	EndGlobalSection
	GlobalSection(NestedProjects) = preSolution
		{278BE181-D21F-4B09-9DFA-15114069A92E} = {5DED8002-CDB2-4395-921F-2CCFB36ECBC8}
		{68C7EA89-38C0-4E42-B69B-E33950A776F9} = {5DED8002-CDB2-4395-921F-2CCFB36ECBC8}
	EndGlobalSection
	GlobalSection(ExtensibilityGlobals) = postSolution
		SolutionGuid = {FC64FB5A-1A45-4745-A123-8787EBD26EE4}
	EndGlobalSection
EndGlobal
